// !$*UTF8*$!
{
	archiveVersion = 1;
	classes = {
	};
	objectVersion = 46;
	objects = {

/* Begin PBXBuildFile section */
		600CD5201E0BCD6800971B6A /* NSObject+Property.m in Sources */ = {isa = PBXBuildFile; fileRef = 600CD51F1E0BCD6800971B6A /* NSObject+Property.m */; };
		600CD5231E0BD1AC00971B6A /* PropertyType.m in Sources */ = {isa = PBXBuildFile; fileRef = 600CD5221E0BD1AC00971B6A /* PropertyType.m */; };
		600CD5261E0BD29800971B6A /* Property.m in Sources */ = {isa = PBXBuildFile; fileRef = 600CD5251E0BD29800971B6A /* Property.m */; };
		600CD5291E0BDA2A00971B6A /* User.m in Sources */ = {isa = PBXBuildFile; fileRef = 600CD5281E0BDA2A00971B6A /* User.m */; };
		6045AABD1E0A8EF2002E9696 /* main.m in Sources */ = {isa = PBXBuildFile; fileRef = 6045AABC1E0A8EF2002E9696 /* main.m */; };
		6045AAC01E0A8EF2002E9696 /* AppDelegate.m in Sources */ = {isa = PBXBuildFile; fileRef = 6045AABF1E0A8EF2002E9696 /* AppDelegate.m */; };
		6045AAC31E0A8EF2002E9696 /* ViewController.m in Sources */ = {isa = PBXBuildFile; fileRef = 6045AAC21E0A8EF2002E9696 /* ViewController.m */; };
		6045AAC61E0A8EF2002E9696 /* Main.storyboard in Resources */ = {isa = PBXBuildFile; fileRef = 6045AAC41E0A8EF2002E9696 /* Main.storyboard */; };
		6045AAC81E0A8EF2002E9696 /* Assets.xcassets in Resources */ = {isa = PBXBuildFile; fileRef = 6045AAC71E0A8EF2002E9696 /* Assets.xcassets */; };
		6045AACB1E0A8EF2002E9696 /* LaunchScreen.storyboard in Resources */ = {isa = PBXBuildFile; fileRef = 6045AAC91E0A8EF2002E9696 /* LaunchScreen.storyboard */; };
		6045AAD41E0A9065002E9696 /* NSObject+Extension.m in Sources */ = {isa = PBXBuildFile; fileRef = 6045AAD31E0A9065002E9696 /* NSObject+Extension.m */; };
/* End PBXBuildFile section */

/* Begin PBXFileReference section */
		600CD51E1E0BCD6800971B6A /* NSObject+Property.h */ = {isa = PBXFileReference; fileEncoding = 4; lastKnownFileType = sourcecode.c.h; path = "NSObject+Property.h"; sourceTree = "<group>"; };
		600CD51F1E0BCD6800971B6A /* NSObject+Property.m */ = {isa = PBXFileReference; fileEncoding = 4; lastKnownFileType = sourcecode.c.objc; path = "NSObject+Property.m"; sourceTree = "<group>"; };
		600CD5211E0BD1AC00971B6A /* PropertyType.h */ = {isa = PBXFileReference; fileEncoding = 4; lastKnownFileType = sourcecode.c.h; path = PropertyType.h; sourceTree = "<group>"; };
		600CD5221E0BD1AC00971B6A /* PropertyType.m */ = {isa = PBXFileReference; fileEncoding = 4; lastKnownFileType = sourcecode.c.objc; path = PropertyType.m; sourceTree = "<group>"; };
		600CD5241E0BD29800971B6A /* Property.h */ = {isa = PBXFileReference; fileEncoding = 4; lastKnownFileType = sourcecode.c.h; path = Property.h; sourceTree = "<group>"; };
		600CD5251E0BD29800971B6A /* Property.m */ = {isa = PBXFileReference; fileEncoding = 4; lastKnownFileType = sourcecode.c.objc; path = Property.m; sourceTree = "<group>"; };
		600CD5271E0BDA2A00971B6A /* User.h */ = {isa = PBXFileReference; fileEncoding = 4; lastKnownFileType = sourcecode.c.h; path = User.h; sourceTree = "<group>"; };
		600CD5281E0BDA2A00971B6A /* User.m */ = {isa = PBXFileReference; fileEncoding = 4; lastKnownFileType = sourcecode.c.objc; path = User.m; sourceTree = "<group>"; };
		6045AAB81E0A8EF2002E9696 /* ZZModel.app */ = {isa = PBXFileReference; explicitFileType = wrapper.application; includeInIndex = 0; path = ZZModel.app; sourceTree = BUILT_PRODUCTS_DIR; };
		6045AABC1E0A8EF2002E9696 /* main.m */ = {isa = PBXFileReference; lastKnownFileType = sourcecode.c.objc; path = main.m; sourceTree = "<group>"; };
		6045AABE1E0A8EF2002E9696 /* AppDelegate.h */ = {isa = PBXFileReference; lastKnownFileType = sourcecode.c.h; path = AppDelegate.h; sourceTree = "<group>"; };
		6045AABF1E0A8EF2002E9696 /* AppDelegate.m */ = {isa = PBXFileReference; lastKnownFileType = sourcecode.c.objc; path = AppDelegate.m; sourceTree = "<group>"; };
		6045AAC11E0A8EF2002E9696 /* ViewController.h */ = {isa = PBXFileReference; lastKnownFileType = sourcecode.c.h; path = ViewController.h; sourceTree = "<group>"; };
		6045AAC21E0A8EF2002E9696 /* ViewController.m */ = {isa = PBXFileReference; lastKnownFileType = sourcecode.c.objc; path = ViewController.m; sourceTree = "<group>"; };
		6045AAC51E0A8EF2002E9696 /* Base */ = {isa = PBXFileReference; lastKnownFileType = file.storyboard; name = Base; path = Base.lproj/Main.storyboard; sourceTree = "<group>"; };
		6045AAC71E0A8EF2002E9696 /* Assets.xcassets */ = {isa = PBXFileReference; lastKnownFileType = folder.assetcatalog; path = Assets.xcassets; sourceTree = "<group>"; };
		6045AACA1E0A8EF2002E9696 /* Base */ = {isa = PBXFileReference; lastKnownFileType = file.storyboard; name = Base; path = Base.lproj/LaunchScreen.storyboard; sourceTree = "<group>"; };
		6045AACC1E0A8EF2002E9696 /* Info.plist */ = {isa = PBXFileReference; lastKnownFileType = text.plist.xml; path = Info.plist; sourceTree = "<group>"; };
		6045AAD21E0A9065002E9696 /* NSObject+Extension.h */ = {isa = PBXFileReference; fileEncoding = 4; lastKnownFileType = sourcecode.c.h; path = "NSObject+Extension.h"; sourceTree = "<group>"; };
		6045AAD31E0A9065002E9696 /* NSObject+Extension.m */ = {isa = PBXFileReference; fileEncoding = 4; lastKnownFileType = sourcecode.c.objc; path = "NSObject+Extension.m"; sourceTree = "<group>"; };
/* End PBXFileReference section */

/* Begin PBXFrameworksBuildPhase section */
		6045AAB51E0A8EF2002E9696 /* Frameworks */ = {
			isa = PBXFrameworksBuildPhase;
			buildActionMask = 2147483647;
			files = (
			);
			runOnlyForDeploymentPostprocessing = 0;
		};
/* End PBXFrameworksBuildPhase section */

/* Begin PBXGroup section */
		6045AAAF1E0A8EF2002E9696 = {
			isa = PBXGroup;
			children = (
				6045AABA1E0A8EF2002E9696 /* ZZModel */,
				6045AAB91E0A8EF2002E9696 /* Products */,
			);
			sourceTree = "<group>";
		};
		6045AAB91E0A8EF2002E9696 /* Products */ = {
			isa = PBXGroup;
			children = (
				6045AAB81E0A8EF2002E9696 /* ZZModel.app */,
			);
			name = Products;
			sourceTree = "<group>";
		};
		6045AABA1E0A8EF2002E9696 /* ZZModel */ = {
			isa = PBXGroup;
			children = (
				6045AABE1E0A8EF2002E9696 /* AppDelegate.h */,
				6045AABF1E0A8EF2002E9696 /* AppDelegate.m */,
				6045AAC11E0A8EF2002E9696 /* ViewController.h */,
				6045AAC21E0A8EF2002E9696 /* ViewController.m */,
				600CD5271E0BDA2A00971B6A /* User.h */,
				600CD5281E0BDA2A00971B6A /* User.m */,
				6045AAD21E0A9065002E9696 /* NSObject+Extension.h */,
				6045AAD31E0A9065002E9696 /* NSObject+Extension.m */,
				600CD51E1E0BCD6800971B6A /* NSObject+Property.h */,
				600CD51F1E0BCD6800971B6A /* NSObject+Property.m */,
				600CD5241E0BD29800971B6A /* Property.h */,
				600CD5251E0BD29800971B6A /* Property.m */,
				600CD5211E0BD1AC00971B6A /* PropertyType.h */,
				600CD5221E0BD1AC00971B6A /* PropertyType.m */,
				6045AAC41E0A8EF2002E9696 /* Main.storyboard */,
				6045AAC71E0A8EF2002E9696 /* Assets.xcassets */,
				6045AAC91E0A8EF2002E9696 /* LaunchScreen.storyboard */,
				6045AACC1E0A8EF2002E9696 /* Info.plist */,
				6045AABB1E0A8EF2002E9696 /* Supporting Files */,
			);
			path = ZZModel;
			sourceTree = "<group>";
		};
		6045AABB1E0A8EF2002E9696 /* Supporting Files */ = {
			isa = PBXGroup;
			children = (
				6045AABC1E0A8EF2002E9696 /* main.m */,
			);
			name = "Supporting Files";
			sourceTree = "<group>";
		};
/* End PBXGroup section */

/* Begin PBXNativeTarget section */
		6045AAB71E0A8EF2002E9696 /* ZZModel */ = {
			isa = PBXNativeTarget;
			buildConfigurationList = 6045AACF1E0A8EF2002E9696 /* Build configuration list for PBXNativeTarget "ZZModel" */;
			buildPhases = (
				6045AAB41E0A8EF2002E9696 /* Sources */,
				6045AAB51E0A8EF2002E9696 /* Frameworks */,
				6045AAB61E0A8EF2002E9696 /* Resources */,
			);
			buildRules = (
			);
			dependencies = (
			);
			name = ZZModel;
			productName = ZZModel;
			productReference = 6045AAB81E0A8EF2002E9696 /* ZZModel.app */;
			productType = "com.apple.product-type.application";
		};
/* End PBXNativeTarget section */

/* Begin PBXProject section */
		6045AAB01E0A8EF2002E9696 /* Project object */ = {
			isa = PBXProject;
			attributes = {
				LastUpgradeCheck = 0820;
				ORGANIZATIONNAME = zhaozhe;
				TargetAttributes = {
					6045AAB71E0A8EF2002E9696 = {
						CreatedOnToolsVersion = 8.2;
						ProvisioningStyle = Automatic;
					};
				};
			};
			buildConfigurationList = 6045AAB31E0A8EF2002E9696 /* Build configuration list for PBXProject "ZZModel" */;
			compatibilityVersion = "Xcode 3.2";
			developmentRegion = English;
			hasScannedForEncodings = 0;
			knownRegions = (
				en,
				Base,
			);
			mainGroup = 6045AAAF1E0A8EF2002E9696;
			productRefGroup = 6045AAB91E0A8EF2002E9696 /* Products */;
			projectDirPath = "";
			projectRoot = "";
			targets = (
				6045AAB71E0A8EF2002E9696 /* ZZModel */,
			);
		};
/* End PBXProject section */

/* Begin PBXResourcesBuildPhase section */
		6045AAB61E0A8EF2002E9696 /* Resources */ = {
			isa = PBXResourcesBuildPhase;
			buildActionMask = 2147483647;
			files = (
				6045AACB1E0A8EF2002E9696 /* LaunchScreen.storyboard in Resources */,
				6045AAC81E0A8EF2002E9696 /* Assets.xcassets in Resources */,
				6045AAC61E0A8EF2002E9696 /* Main.storyboard in Resources */,
			);
			runOnlyForDeploymentPostprocessing = 0;
		};
/* End PBXResourcesBuildPhase section */

/* Begin PBXSourcesBuildPhase section */
		6045AAB41E0A8EF2002E9696 /* Sources */ = {
			isa = PBXSourcesBuildPhase;
			buildActionMask = 2147483647;
			files = (
				600CD5291E0BDA2A00971B6A /* User.m in Sources */,
				6045AAC31E0A8EF2002E9696 /* ViewController.m in Sources */,
				6045AAC01E0A8EF2002E9696 /* AppDelegate.m in Sources */,
				6045AABD1E0A8EF2002E9696 /* main.m in Sources */,
				600CD5261E0BD29800971B6A /* Property.m in Sources */,
				600CD5201E0BCD6800971B6A /* NSObject+Property.m in Sources */,
				600CD5231E0BD1AC00971B6A /* PropertyType.m in Sources */,
				6045AAD41E0A9065002E9696 /* NSObject+Extension.m in Sources */,
			);
			runOnlyForDeploymentPostprocessing = 0;
		};
/* End PBXSourcesBuildPhase section */

/* Begin PBXVariantGroup section */
		6045AAC41E0A8EF2002E9696 /* Main.storyboard */ = {
			isa = PBXVariantGroup;
			children = (
				6045AAC51E0A8EF2002E9696 /* Base */,
			);
			name = Main.storyboard;
			sourceTree = "<group>";
		};
		6045AAC91E0A8EF2002E9696 /* LaunchScreen.storyboard */ = {
			isa = PBXVariantGroup;
			children = (
				6045AACA1E0A8EF2002E9696 /* Base */,
			);
			name = LaunchScreen.storyboard;
			sourceTree = "<group>";
		};
/* End PBXVariantGroup section */

/* Begin XCBuildConfiguration section */
		6045AACD1E0A8EF2002E9696 /* Debug */ = {
			isa = XCBuildConfiguration;
			buildSettings = {
				ALWAYS_SEARCH_USER_PATHS = NO;
				CLANG_ANALYZER_NONNULL = YES;
				CLANG_CXX_LANGUAGE_STANDARD = "gnu++0x";
				CLANG_CXX_LIBRARY = "libc++";
				CLANG_ENABLE_MODULES = YES;
				CLANG_ENABLE_OBJC_ARC = YES;
				CLANG_WARN_BOOL_CONVERSION = YES;
				CLANG_WARN_CONSTANT_CONVERSION = YES;
				CLANG_WARN_DIRECT_OBJC_ISA_USAGE = YES_ERROR;
				CLANG_WARN_DOCUMENTATION_COMMENTS = YES;
				CLANG_WARN_EMPTY_BODY = YES;
				CLANG_WARN_ENUM_CONVERSION = YES;
				CLANG_WARN_INFINITE_RECURSION = YES;
				CLANG_WARN_INT_CONVERSION = YES;
				CLANG_WARN_OBJC_ROOT_CLASS = YES_ERROR;
				CLANG_WARN_SUSPICIOUS_MOVE = YES;
				CLANG_WARN_UNREACHABLE_CODE = YES;
				CLANG_WARN__DUPLICATE_METHOD_MATCH = YES;
				"CODE_SIGN_IDENTITY[sdk=iphoneos*]" = "iPhone Developer";
				COPY_PHASE_STRIP = NO;
				DEBUG_INFORMATION_FORMAT = dwarf;
				ENABLE_STRICT_OBJC_MSGSEND = YES;
				ENABLE_TESTABILITY = YES;
				GCC_C_LANGUAGE_STANDARD = gnu99;
				GCC_DYNAMIC_NO_PIC = NO;
				GCC_NO_COMMON_BLOCKS = YES;
				GCC_OPTIMIZATION_LEVEL = 0;
				GCC_PREPROCESSOR_DEFINITIONS = (
					"DEBUG=1",
					"$(inherited)",
				);
				GCC_WARN_64_TO_32_BIT_CONVERSION = YES;
				GCC_WARN_ABOUT_RETURN_TYPE = YES_ERROR;
				GCC_WARN_UNDECLARED_SELECTOR = YES;
				GCC_WARN_UNINITIALIZED_AUTOS = YES_AGGRESSIVE;
				GCC_WARN_UNUSED_FUNCTION = YES;
				GCC_WARN_UNUSED_VARIABLE = YES;
				IPHONEOS_DEPLOYMENT_TARGET = 10.2;
				MTL_ENABLE_DEBUG_INFO = YES;
				ONLY_ACTIVE_ARCH = YES;
				SDKROOT = iphoneos;
			};
			name = Debug;
		};
		6045AACE1E0A8EF2002E9696 /* Release */ = {
			isa = XCBuildConfiguration;
			buildSettings = {
				ALWAYS_SEARCH_USER_PATHS = NO;
				CLANG_ANALYZER_NONNULL = YES;
				CLANG_CXX_LANGUAGE_STANDARD = "gnu++0x";
				CLANG_CXX_LIBRARY = "libc++";
				CLANG_ENABLE_MODULES = YES;
				CLANG_ENABLE_OBJC_ARC = YES;
				CLANG_WARN_BOOL_CONVERSION = YES;
				CLANG_WARN_CONSTANT_CONVERSION = YES;
				CLANG_WARN_DIRECT_OBJC_ISA_USAGE = YES_ERROR;
				CLANG_WARN_DOCUMENTATION_COMMENTS = YES;
				CLANG_WARN_EMPTY_BODY = YES;
				CLANG_WARN_ENUM_CONVERSION = YES;
				CLANG_WARN_INFINITE_RECURSION = YES;
				CLANG_WARN_INT_CONVERSION = YES;
				CLANG_WARN_OBJC_ROOT_CLASS = YES_ERROR;
				CLANG_WARN_SUSPICIOUS_MOVE = YES;
				CLANG_WARN_UNREACHABLE_CODE = YES;
				CLANG_WARN__DUPLICATE_METHOD_MATCH = YES;
				"CODE_SIGN_IDENTITY[sdk=iphoneos*]" = "iPhone Developer";
				COPY_PHASE_STRIP = NO;
				DEBUG_INFORMATION_FORMAT = "dwarf-with-dsym";
				ENABLE_NS_ASSERTIONS = NO;
				ENABLE_STRICT_OBJC_MSGSEND = YES;
				GCC_C_LANGUAGE_STANDARD = gnu99;
				GCC_NO_COMMON_BLOCKS = YES;
				GCC_WARN_64_TO_32_BIT_CONVERSION = YES;
				GCC_WARN_ABOUT_RETURN_TYPE = YES_ERROR;
				GCC_WARN_UNDECLARED_SELECTOR = YES;
				GCC_WARN_UNINITIALIZED_AUTOS = YES_AGGRESSIVE;
				GCC_WARN_UNUSED_FUNCTION = YES;
				GCC_WARN_UNUSED_VARIABLE = YES;
				IPHONEOS_DEPLOYMENT_TARGET = 10.2;
				MTL_ENABLE_DEBUG_INFO = NO;
				SDKROOT = iphoneos;
				VALIDATE_PRODUCT = YES;
			};
			name = Release;
		};
		6045AAD01E0A8EF2002E9696 /* Debug */ = {
			isa = XCBuildConfiguration;
			buildSettings = {
				ASSETCATALOG_COMPILER_APPICON_NAME = AppIcon;
				INFOPLIST_FILE = ZZModel/Info.plist;
				LD_RUNPATH_SEARCH_PATHS = "$(inherited) @executable_path/Frameworks";
				PRODUCT_BUNDLE_IDENTIFIER = zhaozhe.ZZModel;
				PRODUCT_NAME = "$(TARGET_NAME)";
			};
			name = Debug;
		};
		6045AAD11E0A8EF2002E9696 /* Release */ = {
			isa = XCBuildConfiguration;
			buildSettings = {
				ASSETCATALOG_COMPILER_APPICON_NAME = AppIcon;
				INFOPLIST_FILE = ZZModel/Info.plist;
				LD_RUNPATH_SEARCH_PATHS = "$(inherited) @executable_path/Frameworks";
				PRODUCT_BUNDLE_IDENTIFIER = zhaozhe.ZZModel;
				PRODUCT_NAME = "$(TARGET_NAME)";
			};
			name = Release;
		};
/* End XCBuildConfiguration section */

/* Begin XCConfigurationList section */
		6045AAB31E0A8EF2002E9696 /* Build configuration list for PBXProject "ZZModel" */ = {
			isa = XCConfigurationList;
			buildConfigurations = (
				6045AACD1E0A8EF2002E9696 /* Debug */,
				6045AACE1E0A8EF2002E9696 /* Release */,
			);
			defaultConfigurationIsVisible = 0;
			defaultConfigurationName = Release;
		};
		6045AACF1E0A8EF2002E9696 /* Build configuration list for PBXNativeTarget "ZZModel" */ = {
			isa = XCConfigurationList;
			buildConfigurations = (
				6045AAD01E0A8EF2002E9696 /* Debug */,
				6045AAD11E0A8EF2002E9696 /* Release */,
			);
			defaultConfigurationIsVisible = 0;
			defaultConfigurationName = Release;
		};
/* End XCConfigurationList section */
	};
	rootObject = 6045AAB01E0A8EF2002E9696 /* Project object */;
}
